
Microsoft Visual Studio Solution File, Format Version 12.00
# Visual Studio Version 16
VisualStudioVersion = 16.0.30114.105
MinimumVisualStudioVersion = 10.0.40219.1
Project("{8BC9CEB8-8B4A-11D0-8D11-00A0C91BC942}") = "vdbapi", "..\vdbapi\vdbapi.vcxproj", "{8AEE8083-85C8-4056-84FD-33B8244113EF}"
EndProject
Project("{8BC9CEB8-8B4A-11D0-8D11-00A0C91BC942}") = "vdbwrapper", "..\vdbwrapper\vdbwrapper.vcxproj", "{82930DDF-9667-4545-B0F0-1F6AF0EA26E2}"
EndProject
Project("{8BC9CEB8-8B4A-11D0-8D11-00A0C91BC942}") = "vdb_addons", "..\vdb_addons\vdb_addons.vcxproj", "{617EDB3E-FA05-4292-81C2-A587C94085B3}"
EndProject
Global
	GlobalSection(SolutionConfigurationPlatforms) = preSolution
		Debug_NoNutc|x64 = Debug_NoNutc|x64
		Debug_NoNutc|x86 = Debug_NoNutc|x86
		Debug_Static|x64 = Debug_Static|x64
		Debug_Static|x86 = Debug_Static|x86
		Debug|x64 = Debug|x64
		Debug|x86 = Debug|x86
		Release_NoNutc|x64 = Release_NoNutc|x64
		Release_NoNutc|x86 = Release_NoNutc|x86
		Release_Static|x64 = Release_Static|x64
		Release_Static|x86 = Release_Static|x86
		Release|x64 = Release|x64
		Release|x86 = Release|x86
	EndGlobalSection
	GlobalSection(ProjectConfigurationPlatforms) = postSolution
		{8AEE8083-85C8-4056-84FD-33B8244113EF}.Debug_NoNutc|x64.ActiveCfg = Debug_NoNutc|x64
		{8AEE8083-85C8-4056-84FD-33B8244113EF}.Debug_NoNutc|x64.Build.0 = Debug_NoNutc|x64
		{8AEE8083-85C8-4056-84FD-33B8244113EF}.Debug_NoNutc|x86.ActiveCfg = Debug_NoNutc|Win32
		{8AEE8083-85C8-4056-84FD-33B8244113EF}.Debug_NoNutc|x86.Build.0 = Debug_NoNutc|Win32
		{8AEE8083-85C8-4056-84FD-33B8244113EF}.Debug_Static|x64.ActiveCfg = Debug_Static|x64
		{8AEE8083-85C8-4056-84FD-33B8244113EF}.Debug_Static|x64.Build.0 = Debug_Static|x64
		{8AEE8083-85C8-4056-84FD-33B8244113EF}.Debug_Static|x86.ActiveCfg = Debug_Static|Win32
		{8AEE8083-85C8-4056-84FD-33B8244113EF}.Debug_Static|x86.Build.0 = Debug_Static|Win32
		{8AEE8083-85C8-4056-84FD-33B8244113EF}.Debug|x64.ActiveCfg = Debug|x64
		{8AEE8083-85C8-4056-84FD-33B8244113EF}.Debug|x64.Build.0 = Debug|x64
		{8AEE8083-85C8-4056-84FD-33B8244113EF}.Debug|x86.ActiveCfg = Debug|Win32
		{8AEE8083-85C8-4056-84FD-33B8244113EF}.Debug|x86.Build.0 = Debug|Win32
		{8AEE8083-85C8-4056-84FD-33B8244113EF}.Release_NoNutc|x64.ActiveCfg = Release_NoNutc|x64
		{8AEE8083-85C8-4056-84FD-33B8244113EF}.Release_NoNutc|x64.Build.0 = Release_NoNutc|x64
		{8AEE8083-85C8-4056-84FD-33B8244113EF}.Release_NoNutc|x86.ActiveCfg = Release_NoNutc|Win32
		{8AEE8083-85C8-4056-84FD-33B8244113EF}.Release_NoNutc|x86.Build.0 = Release_NoNutc|Win32
		{8AEE8083-85C8-4056-84FD-33B8244113EF}.Release_Static|x64.ActiveCfg = Release_Static|x64
		{8AEE8083-85C8-4056-84FD-33B8244113EF}.Release_Static|x64.Build.0 = Release_Static|x64
		{8AEE8083-85C8-4056-84FD-33B8244113EF}.Release_Static|x86.ActiveCfg = Release_Static|Win32
		{8AEE8083-85C8-4056-84FD-33B8244113EF}.Release_Static|x86.Build.0 = Release_Static|Win32
		{8AEE8083-85C8-4056-84FD-33B8244113EF}.Release|x64.ActiveCfg = Release|x64
		{8AEE8083-85C8-4056-84FD-33B8244113EF}.Release|x64.Build.0 = Release|x64
		{8AEE8083-85C8-4056-84FD-33B8244113EF}.Release|x86.ActiveCfg = Release|Win32
		{8AEE8083-85C8-4056-84FD-33B8244113EF}.Release|x86.Build.0 = Release|Win32
		{82930DDF-9667-4545-B0F0-1F6AF0EA26E2}.Debug_NoNutc|x64.ActiveCfg = Debug|x64
		{82930DDF-9667-4545-B0F0-1F6AF0EA26E2}.Debug_NoNutc|x64.Build.0 = Debug|x64
		{82930DDF-9667-4545-B0F0-1F6AF0EA26E2}.Debug_NoNutc|x86.ActiveCfg = Debug|Win32
		{82930DDF-9667-4545-B0F0-1F6AF0EA26E2}.Debug_NoNutc|x86.Build.0 = Debug|Win32
		{82930DDF-9667-4545-B0F0-1F6AF0EA26E2}.Debug_Static|x64.ActiveCfg = Debug|x64
		{82930DDF-9667-4545-B0F0-1F6AF0EA26E2}.Debug_Static|x64.Build.0 = Debug|x64
		{82930DDF-9667-4545-B0F0-1F6AF0EA26E2}.Debug_Static|x86.ActiveCfg = Debug|Win32
		{82930DDF-9667-4545-B0F0-1F6AF0EA26E2}.Debug_Static|x86.Build.0 = Debug|Win32
		{82930DDF-9667-4545-B0F0-1F6AF0EA26E2}.Debug|x64.ActiveCfg = Debug|x64
		{82930DDF-9667-4545-B0F0-1F6AF0EA26E2}.Debug|x64.Build.0 = Debug|x64
		{82930DDF-9667-4545-B0F0-1F6AF0EA26E2}.Debug|x86.ActiveCfg = Debug|Win32
		{82930DDF-9667-4545-B0F0-1F6AF0EA26E2}.Debug|x86.Build.0 = Debug|Win32
		{82930DDF-9667-4545-B0F0-1F6AF0EA26E2}.Release_NoNutc|x64.ActiveCfg = Release|x64
		{82930DDF-9667-4545-B0F0-1F6AF0EA26E2}.Release_NoNutc|x64.Build.0 = Release|x64
		{82930DDF-9667-4545-B0F0-1F6AF0EA26E2}.Release_NoNutc|x86.ActiveCfg = Release|Win32
		{82930DDF-9667-4545-B0F0-1F6AF0EA26E2}.Release_NoNutc|x86.Build.0 = Release|Win32
		{82930DDF-9667-4545-B0F0-1F6AF0EA26E2}.Release_Static|x64.ActiveCfg = Release|x64
		{82930DDF-9667-4545-B0F0-1F6AF0EA26E2}.Release_Static|x64.Build.0 = Release|x64
		{82930DDF-9667-4545-B0F0-1F6AF0EA26E2}.Release_Static|x86.ActiveCfg = Release|Win32
		{82930DDF-9667-4545-B0F0-1F6AF0EA26E2}.Release_Static|x86.Build.0 = Release|Win32
		{82930DDF-9667-4545-B0F0-1F6AF0EA26E2}.Release|x64.ActiveCfg = Release|x64
		{82930DDF-9667-4545-B0F0-1F6AF0EA26E2}.Release|x64.Build.0 = Release|x64
		{82930DDF-9667-4545-B0F0-1F6AF0EA26E2}.Release|x86.ActiveCfg = Release|Win32
		{82930DDF-9667-4545-B0F0-1F6AF0EA26E2}.Release|x86.Build.0 = Release|Win32
		{617EDB3E-FA05-4292-81C2-A587C94085B3}.Debug_NoNutc|x64.ActiveCfg = Debug|x64
		{617EDB3E-FA05-4292-81C2-A587C94085B3}.Debug_NoNutc|x64.Build.0 = Debug|x64
		{617EDB3E-FA05-4292-81C2-A587C94085B3}.Debug_NoNutc|x86.ActiveCfg = Debug|Win32
		{617EDB3E-FA05-4292-81C2-A587C94085B3}.Debug_NoNutc|x86.Build.0 = Debug|Win32
		{617EDB3E-FA05-4292-81C2-A587C94085B3}.Debug_Static|x64.ActiveCfg = Debug|x64
		{617EDB3E-FA05-4292-81C2-A587C94085B3}.Debug_Static|x64.Build.0 = Debug|x64
		{617EDB3E-FA05-4292-81C2-A587C94085B3}.Debug_Static|x86.ActiveCfg = Debug|Win32
		{617EDB3E-FA05-4292-81C2-A587C94085B3}.Debug_Static|x86.Build.0 = Debug|Win32
		{617EDB3E-FA05-4292-81C2-A587C94085B3}.Debug|x64.ActiveCfg = Debug|x64
		{617EDB3E-FA05-4292-81C2-A587C94085B3}.Debug|x64.Build.0 = Debug|x64
		{617EDB3E-FA05-4292-81C2-A587C94085B3}.Debug|x86.ActiveCfg = Debug|Win32
		{617EDB3E-FA05-4292-81C2-A587C94085B3}.Debug|x86.Build.0 = Debug|Win32
		{617EDB3E-FA05-4292-81C2-A587C94085B3}.Release_NoNutc|x64.ActiveCfg = Release|x64
		{617EDB3E-FA05-4292-81C2-A587C94085B3}.Release_NoNutc|x64.Build.0 = Release|x64
		{617EDB3E-FA05-4292-81C2-A587C94085B3}.Release_NoNutc|x86.ActiveCfg = Release|Win32
		{617EDB3E-FA05-4292-81C2-A587C94085B3}.Release_NoNutc|x86.Build.0 = Release|Win32
		{617EDB3E-FA05-4292-81C2-A587C94085B3}.Release_Static|x64.ActiveCfg = Release|x64
		{617EDB3E-FA05-4292-81C2-A587C94085B3}.Release_Static|x64.Build.0 = Release|x64
		{617EDB3E-FA05-4292-81C2-A587C94085B3}.Release_Static|x86.ActiveCfg = Release|Win32
		{617EDB3E-FA05-4292-81C2-A587C94085B3}.Release_Static|x86.Build.0 = Release|Win32
		{617EDB3E-FA05-4292-81C2-A587C94085B3}.Release|x64.ActiveCfg = Release|x64
		{617EDB3E-FA05-4292-81C2-A587C94085B3}.Release|x64.Build.0 = Release|x64
		{617EDB3E-FA05-4292-81C2-A587C94085B3}.Release|x86.ActiveCfg = Release|Win32
		{617EDB3E-FA05-4292-81C2-A587C94085B3}.Release|x86.Build.0 = Release|Win32
	EndGlobalSection
	GlobalSection(SolutionProperties) = preSolution
		HideSolutionNode = FALSE
	EndGlobalSection
	GlobalSection(ExtensibilityGlobals) = postSolution
		SolutionGuid = {9F6FAEBC-2EE7-4781-8219-D0E0C871DC81}
	EndGlobalSection
EndGlobal
